Microsoft Visual Studio Solution File, Format Version 12.00
# Visual Studio 15
VisualStudioVersion = 15.0.26430.6
MinimumVisualStudioVersion = 10.0.40219.1
Project("{FAE04EC0-301F-11D3-BF4B-00C04F79EFBC}") = "TestRTS", "TestRTS\TestRTS.csproj", "{4E193464-4566-4BB0-8EF1-3F6312FBF35A}"
EndProject
Project("{FAE04EC0-301F-11D3-BF4B-00C04F79EFBC}") = "FreneticDataSyntax", "FreneticGameEngine\FreneticDataSyntax\FreneticDataSyntax\FreneticDataSyntax.csproj", "{1DB47D6A-4225-4F25-8559-2C6292496953}"
EndProject
Project("{FAE04EC0-301F-11D3-BF4B-00C04F79EFBC}") = "FreneticGameCore", "FreneticGameEngine\FreneticGameCore\FreneticGameCore.csproj", "{C608FD6D-FB74-4A0B-AFFE-D24AC7DEB3E3}"
EndProject
Project("{FAE04EC0-301F-11D3-BF4B-00C04F79EFBC}") = "FreneticGameGraphics", "FreneticGameEngine\FreneticGameGraphics\FreneticGameGraphics.csproj", "{CF20C1B4-C199-4D11-8053-ECF7D18B4B7B}"
EndProject
Project("{FAE04EC0-301F-11D3-BF4B-00C04F79EFBC}") = "FreneticScript", "FreneticGameEngine\FreneticScript\FreneticScript\FreneticScript.csproj", "{0672DD5F-6F33-4853-BD6E-8716D3ABC7AD}"
EndProject
Global
	GlobalSection(SolutionConfigurationPlatforms) = preSolution
		Debug|Any CPU = Debug|Any CPU
		Release|Any CPU = Release|Any CPU
	EndGlobalSection
	GlobalSection(ProjectConfigurationPlatforms) = postSolution
		{4E193464-4566-4BB0-8EF1-3F6312FBF35A}.Debug|Any CPU.ActiveCfg = Debug|Any CPU
		{4E193464-4566-4BB0-8EF1-3F6312FBF35A}.Debug|Any CPU.Build.0 = Debug|Any CPU
		{4E193464-4566-4BB0-8EF1-3F6312FBF35A}.Release|Any CPU.ActiveCfg = Release|Any CPU
		{4E193464-4566-4BB0-8EF1-3F6312FBF35A}.Release|Any CPU.Build.0 = Release|Any CPU
		{1DB47D6A-4225-4F25-8559-2C6292496953}.Debug|Any CPU.ActiveCfg = Debug|Any CPU
		{1DB47D6A-4225-4F25-8559-2C6292496953}.Debug|Any CPU.Build.0 = Debug|Any CPU
		{1DB47D6A-4225-4F25-8559-2C6292496953}.Release|Any CPU.ActiveCfg = Release|Any CPU
		{1DB47D6A-4225-4F25-8559-2C6292496953}.Release|Any CPU.Build.0 = Release|Any CPU
		{C608FD6D-FB74-4A0B-AFFE-D24AC7DEB3E3}.Debug|Any CPU.ActiveCfg = Debug|Any CPU
		{C608FD6D-FB74-4A0B-AFFE-D24AC7DEB3E3}.Debug|Any CPU.Build.0 = Debug|Any CPU
		{C608FD6D-FB74-4A0B-AFFE-D24AC7DEB3E3}.Release|Any CPU.ActiveCfg = Release|Any CPU
		{C608FD6D-FB74-4A0B-AFFE-D24AC7DEB3E3}.Release|Any CPU.Build.0 = Release|Any CPU
		{CF20C1B4-C199-4D11-8053-ECF7D18B4B7B}.Debug|Any CPU.ActiveCfg = Debug|Any CPU
		{CF20C1B4-C199-4D11-8053-ECF7D18B4B7B}.Debug|Any CPU.Build.0 = Debug|Any CPU
		{CF20C1B4-C199-4D11-8053-ECF7D18B4B7B}.Release|Any CPU.ActiveCfg = Release|Any CPU
		{CF20C1B4-C199-4D11-8053-ECF7D18B4B7B}.Release|Any CPU.Build.0 = Release|Any CPU
		{0672DD5F-6F33-4853-BD6E-8716D3ABC7AD}.Debug|Any CPU.ActiveCfg = Debug|Any CPU
		{0672DD5F-6F33-4853-BD6E-8716D3ABC7AD}.Debug|Any CPU.Build.0 = Debug|Any CPU
		{0672DD5F-6F33-4853-BD6E-8716D3ABC7AD}.Release|Any CPU.ActiveCfg = Release|Any CPU
		{0672DD5F-6F33-4853-BD6E-8716D3ABC7AD}.Release|Any CPU.Build.0 = Release|Any CPU
	EndGlobalSection
	GlobalSection(SolutionProperties) = preSolution
		HideSolutionNode = FALSE
	EndGlobalSection
EndGlobal
